
Microsoft Visual Studio Solution File, Format Version 12.00
# Visual Studio Version 17
VisualStudioVersion = 17.8.34511.84
MinimumVisualStudioVersion = 10.0.40219.1
Project("{9A19103F-16F7-4668-BE54-9A1E7A4F7556}") = "ProyectoASPNET", "ProyectoASPNET\ProyectoASPNET.csproj", "{F20F0681-09EF-46DF-9B53-93D681ABB3BC}"
EndProject
Project("{FAE04EC0-301F-11D3-BF4B-00C04F79EFBC}") = "TabeAPI", "TabeAPI\TabeAPI.csproj", "{7D298A32-969B-4ED5-963A-061147E22451}"
EndProject
Global
	GlobalSection(SolutionConfigurationPlatforms) = preSolution
		Debug|Any CPU = Debug|Any CPU
		Release|Any CPU = Release|Any CPU
	EndGlobalSection
	GlobalSection(ProjectConfigurationPlatforms) = postSolution
		{F20F0681-09EF-46DF-9B53-93D681ABB3BC}.Debug|Any CPU.ActiveCfg = Debug|Any CPU
		{F20F0681-09EF-46DF-9B53-93D681ABB3BC}.Debug|Any CPU.Build.0 = Debug|Any CPU
		{F20F0681-09EF-46DF-9B53-93D681ABB3BC}.Release|Any CPU.ActiveCfg = Release|Any CPU
		{F20F0681-09EF-46DF-9B53-93D681ABB3BC}.Release|Any CPU.Build.0 = Release|Any CPU
		{7D298A32-969B-4ED5-963A-061147E22451}.Debug|Any CPU.ActiveCfg = Debug|Any CPU
		{7D298A32-969B-4ED5-963A-061147E22451}.Debug|Any CPU.Build.0 = Debug|Any CPU
		{7D298A32-969B-4ED5-963A-061147E22451}.Release|Any CPU.ActiveCfg = Release|Any CPU
		{7D298A32-969B-4ED5-963A-061147E22451}.Release|Any CPU.Build.0 = Release|Any CPU
	EndGlobalSection
	GlobalSection(SolutionProperties) = preSolution
		HideSolutionNode = FALSE
	EndGlobalSection
	GlobalSection(ExtensibilityGlobals) = postSolution
		SolutionGuid = {6747D3EC-B76D-461F-8CD6-9876C56424C9}
	EndGlobalSection
EndGlobal
